
Microsoft Visual Studio Solution File, Format Version 12.00
# Visual Studio Version 17
VisualStudioVersion = 17.1.32319.34
MinimumVisualStudioVersion = 10.0.40219.1
Project("{FAE04EC0-301F-11D3-BF4B-00C04F79EFBC}") = "BlazorStaticWebApps", "BlazorStaticWebApps\BlazorStaticWebApps.csproj", "{555ADB4B-38FC-4D55-B07D-7942BD0EAB6A}"
EndProject
Global
	GlobalSection(SolutionConfigurationPlatforms) = preSolution
		Debug|Any CPU = Debug|Any CPU
		Release|Any CPU = Release|Any CPU
	EndGlobalSection
	GlobalSection(ProjectConfigurationPlatforms) = postSolution
		{555ADB4B-38FC-4D55-B07D-7942BD0EAB6A}.Debug|Any CPU.ActiveCfg = Debug|Any CPU
		{555ADB4B-38FC-4D55-B07D-7942BD0EAB6A}.Debug|Any CPU.Build.0 = Debug|Any CPU
		{555ADB4B-38FC-4D55-B07D-7942BD0EAB6A}.Release|Any CPU.ActiveCfg = Release|Any CPU
		{555ADB4B-38FC-4D55-B07D-7942BD0EAB6A}.Release|Any CPU.Build.0 = Release|Any CPU
	EndGlobalSection
	GlobalSection(SolutionProperties) = preSolution
		HideSolutionNode = FALSE
	EndGlobalSection
	GlobalSection(ExtensibilityGlobals) = postSolution
		SolutionGuid = {6C9C578C-E9DD-49B8-A32B-E200BA3E5638}
	EndGlobalSection
EndGlobal
